// !$*UTF8*$!
{
	archiveVersion = 1;
	classes = {
	};
	objectVersion = 56;
	objects = {

/* Begin PBXBuildFile section */
		4E68ECA6292EBEC1004B64D5 /* User.swift in Sources */ = {isa = PBXBuildFile; fileRef = 4E68ECA5292EBEC1004B64D5 /* User.swift */; };
		4E68ECA8292EBF0B004B64D5 /* TeamSectionView+Builders.swift in Sources */ = {isa = PBXBuildFile; fileRef = 4E68ECA7292EBF0B004B64D5 /* TeamSectionView+Builders.swift */; };
		507CD7072937D68B00A9661B /* Date+MonthName.swift in Sources */ = {isa = PBXBuildFile; fileRef = 507CD7062937D68B00A9661B /* Date+MonthName.swift */; };
		507CD70A2937F04500A9661B /* RectCorner.swift in Sources */ = {isa = PBXBuildFile; fileRef = 507CD7092937F04500A9661B /* RectCorner.swift */; };
		507CD70C2937F06800A9661B /* View+CornerRadius.swift in Sources */ = {isa = PBXBuildFile; fileRef = 507CD70B2937F06800A9661B /* View+CornerRadius.swift */; };
		507CD70E2937F09100A9661B /* View+Border.swift in Sources */ = {isa = PBXBuildFile; fileRef = 507CD70D2937F09100A9661B /* View+Border.swift */; };
		507CD7102937F20400A9661B /* TalksSectionView+Builders.swift in Sources */ = {isa = PBXBuildFile; fileRef = 507CD70F2937F20400A9661B /* TalksSectionView+Builders.swift */; };
		507CD712293812B000A9661B /* MessageMedia.swift in Sources */ = {isa = PBXBuildFile; fileRef = 507CD711293812B000A9661B /* MessageMedia.swift */; };
		507CD714293812CE00A9661B /* Message.swift in Sources */ = {isa = PBXBuildFile; fileRef = 507CD713293812CE00A9661B /* Message.swift */; };
		5082BBFF292CE3F600ADB865 /* DesignTokens.swift in Sources */ = {isa = PBXBuildFile; fileRef = 5082BBFE292CE3F600ADB865 /* DesignTokens.swift */; };
		5082BC01292CF35700ADB865 /* ContentSideBar.swift in Sources */ = {isa = PBXBuildFile; fileRef = 5082BC00292CF35700ADB865 /* ContentSideBar.swift */; };
		5082BC03292CF39200ADB865 /* ContentSectionButton.swift in Sources */ = {isa = PBXBuildFile; fileRef = 5082BC02292CF39200ADB865 /* ContentSectionButton.swift */; };
		5082BC07292CF3DF00ADB865 /* CGFloat+Metrics.swift in Sources */ = {isa = PBXBuildFile; fileRef = 5082BC06292CF3DF00ADB865 /* CGFloat+Metrics.swift */; };
		5082BC09292CF41700ADB865 /* Color+Token.swift in Sources */ = {isa = PBXBuildFile; fileRef = 5082BC08292CF41700ADB865 /* Color+Token.swift */; };
		5082BC15292DA16300ADB865 /* TeamSectionView.swift in Sources */ = {isa = PBXBuildFile; fileRef = 5082BC14292DA16300ADB865 /* TeamSectionView.swift */; };
		5082BC17292DA1E500ADB865 /* OwnSectionView.swift in Sources */ = {isa = PBXBuildFile; fileRef = 5082BC16292DA1E500ADB865 /* OwnSectionView.swift */; };
		5082BC19292DA1F000ADB865 /* TalksSectionView.swift in Sources */ = {isa = PBXBuildFile; fileRef = 5082BC18292DA1F000ADB865 /* TalksSectionView.swift */; };
		5082BC1C292DA23A00ADB865 /* DefaultSectionView.swift in Sources */ = {isa = PBXBuildFile; fileRef = 5082BC1B292DA23A00ADB865 /* DefaultSectionView.swift */; };
		5082BC1E292DA25400ADB865 /* UserButton.swift in Sources */ = {isa = PBXBuildFile; fileRef = 5082BC1D292DA25400ADB865 /* UserButton.swift */; };
		5082BC20292DA27500ADB865 /* ContentView+Builders.swift in Sources */ = {isa = PBXBuildFile; fileRef = 5082BC1F292DA27500ADB865 /* ContentView+Builders.swift */; };
		5082BC22292DD80500ADB865 /* OwnSectionView+Builders.swift in Sources */ = {isa = PBXBuildFile; fileRef = 5082BC21292DD80500ADB865 /* OwnSectionView+Builders.swift */; };
		5082BC25292DD85B00ADB865 /* Deadline.swift in Sources */ = {isa = PBXBuildFile; fileRef = 5082BC24292DD85B00ADB865 /* Deadline.swift */; };
		5082BC29292DD8A600ADB865 /* DeadlineCard.swift in Sources */ = {isa = PBXBuildFile; fileRef = 5082BC28292DD8A600ADB865 /* DeadlineCard.swift */; };
		5082BC2B292DD8C300ADB865 /* DefaultButton.swift in Sources */ = {isa = PBXBuildFile; fileRef = 5082BC2A292DD8C300ADB865 /* DefaultButton.swift */; };
		5082BC2D292DDA1700ADB865 /* DeadlineCardUtils.swift in Sources */ = {isa = PBXBuildFile; fileRef = 5082BC2C292DDA1700ADB865 /* DeadlineCardUtils.swift */; };
		5082BC2F292DDA3300ADB865 /* DeadlineCard+Builders.swift in Sources */ = {isa = PBXBuildFile; fileRef = 5082BC2E292DDA3300ADB865 /* DeadlineCard+Builders.swift */; };
		5082C075292E6F4200ADB865 /* Filter.swift in Sources */ = {isa = PBXBuildFile; fileRef = 5082C074292E6F4200ADB865 /* Filter.swift */; };
		5082C077292E6F6400ADB865 /* FilterButton.swift in Sources */ = {isa = PBXBuildFile; fileRef = 5082C076292E6F6300ADB865 /* FilterButton.swift */; };
		5082C079292E6FB200ADB865 /* Talk.swift in Sources */ = {isa = PBXBuildFile; fileRef = 5082C078292E6FB200ADB865 /* Talk.swift */; };
		5082C07B292E6FDA00ADB865 /* TalksCard.swift in Sources */ = {isa = PBXBuildFile; fileRef = 5082C07A292E6FDA00ADB865 /* TalksCard.swift */; };
		5082C07D292E700900ADB865 /* TalksSectionViewModel.swift in Sources */ = {isa = PBXBuildFile; fileRef = 5082C07C292E700900ADB865 /* TalksSectionViewModel.swift */; };
		50B7A79628D290E1003924B5 /* TCCAppApp.swift in Sources */ = {isa = PBXBuildFile; fileRef = 50B7A79528D290E1003924B5 /* TCCAppApp.swift */; };
		50B7A79828D290E1003924B5 /* ContentView.swift in Sources */ = {isa = PBXBuildFile; fileRef = 50B7A79728D290E1003924B5 /* ContentView.swift */; };
		50B7A79A28D290E4003924B5 /* Assets.xcassets in Resources */ = {isa = PBXBuildFile; fileRef = 50B7A79928D290E4003924B5 /* Assets.xcassets */; };
		50B7A79D28D290E4003924B5 /* Preview Assets.xcassets in Resources */ = {isa = PBXBuildFile; fileRef = 50B7A79C28D290E4003924B5 /* Preview Assets.xcassets */; };
/* End PBXBuildFile section */

/* Begin PBXFileReference section */
		4E68ECA5292EBEC1004B64D5 /* User.swift */ = {isa = PBXFileReference; lastKnownFileType = sourcecode.swift; path = User.swift; sourceTree = "<group>"; };
		4E68ECA7292EBF0B004B64D5 /* TeamSectionView+Builders.swift */ = {isa = PBXFileReference; lastKnownFileType = sourcecode.swift; path = "TeamSectionView+Builders.swift"; sourceTree = "<group>"; };
		507CD7062937D68B00A9661B /* Date+MonthName.swift */ = {isa = PBXFileReference; lastKnownFileType = sourcecode.swift; path = "Date+MonthName.swift"; sourceTree = "<group>"; };
		507CD7092937F04500A9661B /* RectCorner.swift */ = {isa = PBXFileReference; lastKnownFileType = sourcecode.swift; path = RectCorner.swift; sourceTree = "<group>"; };
		507CD70B2937F06800A9661B /* View+CornerRadius.swift */ = {isa = PBXFileReference; lastKnownFileType = sourcecode.swift; path = "View+CornerRadius.swift"; sourceTree = "<group>"; };
		507CD70D2937F09100A9661B /* View+Border.swift */ = {isa = PBXFileReference; lastKnownFileType = sourcecode.swift; path = "View+Border.swift"; sourceTree = "<group>"; };
		507CD70F2937F20400A9661B /* TalksSectionView+Builders.swift */ = {isa = PBXFileReference; lastKnownFileType = sourcecode.swift; path = "TalksSectionView+Builders.swift"; sourceTree = "<group>"; };
		507CD711293812B000A9661B /* MessageMedia.swift */ = {isa = PBXFileReference; lastKnownFileType = sourcecode.swift; path = MessageMedia.swift; sourceTree = "<group>"; };
		507CD713293812CE00A9661B /* Message.swift */ = {isa = PBXFileReference; lastKnownFileType = sourcecode.swift; path = Message.swift; sourceTree = "<group>"; };
		5082BBFE292CE3F600ADB865 /* DesignTokens.swift */ = {isa = PBXFileReference; lastKnownFileType = sourcecode.swift; path = DesignTokens.swift; sourceTree = "<group>"; };
		5082BC00292CF35700ADB865 /* ContentSideBar.swift */ = {isa = PBXFileReference; lastKnownFileType = sourcecode.swift; path = ContentSideBar.swift; sourceTree = "<group>"; };
		5082BC02292CF39200ADB865 /* ContentSectionButton.swift */ = {isa = PBXFileReference; lastKnownFileType = sourcecode.swift; path = ContentSectionButton.swift; sourceTree = "<group>"; };
		5082BC06292CF3DF00ADB865 /* CGFloat+Metrics.swift */ = {isa = PBXFileReference; lastKnownFileType = sourcecode.swift; path = "CGFloat+Metrics.swift"; sourceTree = "<group>"; };
		5082BC08292CF41700ADB865 /* Color+Token.swift */ = {isa = PBXFileReference; lastKnownFileType = sourcecode.swift; path = "Color+Token.swift"; sourceTree = "<group>"; };
		5082BC14292DA16300ADB865 /* TeamSectionView.swift */ = {isa = PBXFileReference; lastKnownFileType = sourcecode.swift; path = TeamSectionView.swift; sourceTree = "<group>"; };
		5082BC16292DA1E500ADB865 /* OwnSectionView.swift */ = {isa = PBXFileReference; lastKnownFileType = sourcecode.swift; path = OwnSectionView.swift; sourceTree = "<group>"; };
		5082BC18292DA1F000ADB865 /* TalksSectionView.swift */ = {isa = PBXFileReference; lastKnownFileType = sourcecode.swift; path = TalksSectionView.swift; sourceTree = "<group>"; };
		5082BC1B292DA23A00ADB865 /* DefaultSectionView.swift */ = {isa = PBXFileReference; lastKnownFileType = sourcecode.swift; path = DefaultSectionView.swift; sourceTree = "<group>"; };
		5082BC1D292DA25400ADB865 /* UserButton.swift */ = {isa = PBXFileReference; lastKnownFileType = sourcecode.swift; path = UserButton.swift; sourceTree = "<group>"; };
		5082BC1F292DA27500ADB865 /* ContentView+Builders.swift */ = {isa = PBXFileReference; lastKnownFileType = sourcecode.swift; path = "ContentView+Builders.swift"; sourceTree = "<group>"; };
		5082BC21292DD80500ADB865 /* OwnSectionView+Builders.swift */ = {isa = PBXFileReference; lastKnownFileType = sourcecode.swift; path = "OwnSectionView+Builders.swift"; sourceTree = "<group>"; };
		5082BC24292DD85B00ADB865 /* Deadline.swift */ = {isa = PBXFileReference; lastKnownFileType = sourcecode.swift; path = Deadline.swift; sourceTree = "<group>"; };
		5082BC28292DD8A600ADB865 /* DeadlineCard.swift */ = {isa = PBXFileReference; lastKnownFileType = sourcecode.swift; path = DeadlineCard.swift; sourceTree = "<group>"; };
		5082BC2A292DD8C300ADB865 /* DefaultButton.swift */ = {isa = PBXFileReference; lastKnownFileType = sourcecode.swift; path = DefaultButton.swift; sourceTree = "<group>"; };
		5082BC2C292DDA1700ADB865 /* DeadlineCardUtils.swift */ = {isa = PBXFileReference; lastKnownFileType = sourcecode.swift; path = DeadlineCardUtils.swift; sourceTree = "<group>"; };
		5082BC2E292DDA3300ADB865 /* DeadlineCard+Builders.swift */ = {isa = PBXFileReference; lastKnownFileType = sourcecode.swift; path = "DeadlineCard+Builders.swift"; sourceTree = "<group>"; };
		5082C074292E6F4200ADB865 /* Filter.swift */ = {isa = PBXFileReference; lastKnownFileType = sourcecode.swift; path = Filter.swift; sourceTree = "<group>"; };
		5082C076292E6F6300ADB865 /* FilterButton.swift */ = {isa = PBXFileReference; lastKnownFileType = sourcecode.swift; path = FilterButton.swift; sourceTree = "<group>"; };
		5082C078292E6FB200ADB865 /* Talk.swift */ = {isa = PBXFileReference; lastKnownFileType = sourcecode.swift; path = Talk.swift; sourceTree = "<group>"; };
		5082C07A292E6FDA00ADB865 /* TalksCard.swift */ = {isa = PBXFileReference; lastKnownFileType = sourcecode.swift; path = TalksCard.swift; sourceTree = "<group>"; };
		5082C07C292E700900ADB865 /* TalksSectionViewModel.swift */ = {isa = PBXFileReference; lastKnownFileType = sourcecode.swift; path = TalksSectionViewModel.swift; sourceTree = "<group>"; };
		50B7A79228D290E1003924B5 /* TCCApp.app */ = {isa = PBXFileReference; explicitFileType = wrapper.application; includeInIndex = 0; path = TCCApp.app; sourceTree = BUILT_PRODUCTS_DIR; };
		50B7A79528D290E1003924B5 /* TCCAppApp.swift */ = {isa = PBXFileReference; lastKnownFileType = sourcecode.swift; path = TCCAppApp.swift; sourceTree = "<group>"; };
		50B7A79728D290E1003924B5 /* ContentView.swift */ = {isa = PBXFileReference; lastKnownFileType = sourcecode.swift; path = ContentView.swift; sourceTree = "<group>"; };
		50B7A79928D290E4003924B5 /* Assets.xcassets */ = {isa = PBXFileReference; lastKnownFileType = folder.assetcatalog; path = Assets.xcassets; sourceTree = "<group>"; };
		50B7A79C28D290E4003924B5 /* Preview Assets.xcassets */ = {isa = PBXFileReference; lastKnownFileType = folder.assetcatalog; path = "Preview Assets.xcassets"; sourceTree = "<group>"; };
		50B7A79E28D290E4003924B5 /* TCCApp.entitlements */ = {isa = PBXFileReference; lastKnownFileType = text.plist.entitlements; path = TCCApp.entitlements; sourceTree = "<group>"; };
/* End PBXFileReference section */

/* Begin PBXFrameworksBuildPhase section */
		50B7A78F28D290E1003924B5 /* Frameworks */ = {
			isa = PBXFrameworksBuildPhase;
			buildActionMask = 2147483647;
			files = (
			);
			runOnlyForDeploymentPostprocessing = 0;
		};
/* End PBXFrameworksBuildPhase section */

/* Begin PBXGroup section */
		507CD7082937F03700A9661B /* Commons */ = {
			isa = PBXGroup;
			children = (
				507CD7092937F04500A9661B /* RectCorner.swift */,
			);
			path = Commons;
			sourceTree = "<group>";
		};
		5082BBFB292CE35C00ADB865 /* Utils */ = {
			isa = PBXGroup;
			children = (
				507CD7082937F03700A9661B /* Commons */,
				5082BC05292CF3CF00ADB865 /* Extensions */,
				5082BC04292CF3BC00ADB865 /* Tokens */,
			);
			path = Utils;
			sourceTree = "<group>";
		};
		5082BBFC292CE36900ADB865 /* Views */ = {
			isa = PBXGroup;
			children = (
				5082BC13292DA14F00ADB865 /* TalksSection */,
				5082BC12292DA14600ADB865 /* OwnSection */,
				5082BC11292DA13D00ADB865 /* TeamSection */,
				5082BBFD292CE3C900ADB865 /* Content */,
			);
			path = Views;
			sourceTree = "<group>";
		};
		5082BBFD292CE3C900ADB865 /* Content */ = {
			isa = PBXGroup;
			children = (
				50B7A79728D290E1003924B5 /* ContentView.swift */,
				5082BC00292CF35700ADB865 /* ContentSideBar.swift */,
				5082BC02292CF39200ADB865 /* ContentSectionButton.swift */,
				5082BC1F292DA27500ADB865 /* ContentView+Builders.swift */,
			);
			path = Content;
			sourceTree = "<group>";
		};
		5082BC04292CF3BC00ADB865 /* Tokens */ = {
			isa = PBXGroup;
			children = (
				5082BBFE292CE3F600ADB865 /* DesignTokens.swift */,
			);
			path = Tokens;
			sourceTree = "<group>";
		};
		5082BC05292CF3CF00ADB865 /* Extensions */ = {
			isa = PBXGroup;
			children = (
				5082BC06292CF3DF00ADB865 /* CGFloat+Metrics.swift */,
				5082BC08292CF41700ADB865 /* Color+Token.swift */,
				507CD7062937D68B00A9661B /* Date+MonthName.swift */,
				507CD70B2937F06800A9661B /* View+CornerRadius.swift */,
				507CD70D2937F09100A9661B /* View+Border.swift */,
			);
			path = Extensions;
			sourceTree = "<group>";
		};
		5082BC11292DA13D00ADB865 /* TeamSection */ = {
			isa = PBXGroup;
			children = (
				5082BC14292DA16300ADB865 /* TeamSectionView.swift */,
				4E68ECA7292EBF0B004B64D5 /* TeamSectionView+Builders.swift */,
			);
			path = TeamSection;
			sourceTree = "<group>";
		};
		5082BC12292DA14600ADB865 /* OwnSection */ = {
			isa = PBXGroup;
			children = (
				5082BC16292DA1E500ADB865 /* OwnSectionView.swift */,
				5082BC21292DD80500ADB865 /* OwnSectionView+Builders.swift */,
			);
			path = OwnSection;
			sourceTree = "<group>";
		};
		5082BC13292DA14F00ADB865 /* TalksSection */ = {
			isa = PBXGroup;
			children = (
				5082BC18292DA1F000ADB865 /* TalksSectionView.swift */,
				5082C07C292E700900ADB865 /* TalksSectionViewModel.swift */,
				507CD70F2937F20400A9661B /* TalksSectionView+Builders.swift */,
			);
			path = TalksSection;
			sourceTree = "<group>";
		};
		5082BC1A292DA22500ADB865 /* Components */ = {
			isa = PBXGroup;
			children = (
				5082BC26292DD89500ADB865 /* DeadlineCard */,
				5082BC1B292DA23A00ADB865 /* DefaultSectionView.swift */,
				5082BC1D292DA25400ADB865 /* UserButton.swift */,
				5082BC2A292DD8C300ADB865 /* DefaultButton.swift */,
				5082C076292E6F6300ADB865 /* FilterButton.swift */,
				5082C07A292E6FDA00ADB865 /* TalksCard.swift */,
			);
			path = Components;
			sourceTree = "<group>";
		};
		5082BC23292DD84800ADB865 /* Models */ = {
			isa = PBXGroup;
			children = (
				5082BC24292DD85B00ADB865 /* Deadline.swift */,
				5082C074292E6F4200ADB865 /* Filter.swift */,
				5082C078292E6FB200ADB865 /* Talk.swift */,
				4E68ECA5292EBEC1004B64D5 /* User.swift */,
				507CD711293812B000A9661B /* MessageMedia.swift */,
				507CD713293812CE00A9661B /* Message.swift */,
			);
			path = Models;
			sourceTree = "<group>";
		};
		5082BC26292DD89500ADB865 /* DeadlineCard */ = {
			isa = PBXGroup;
			children = (
				5082BC28292DD8A600ADB865 /* DeadlineCard.swift */,
				5082BC2C292DDA1700ADB865 /* DeadlineCardUtils.swift */,
				5082BC2E292DDA3300ADB865 /* DeadlineCard+Builders.swift */,
			);
			path = DeadlineCard;
			sourceTree = "<group>";
		};
		50B7A78928D290E1003924B5 = {
			isa = PBXGroup;
			children = (
				50B7A79428D290E1003924B5 /* TCCApp */,
				50B7A79328D290E1003924B5 /* Products */,
			);
			sourceTree = "<group>";
		};
		50B7A79328D290E1003924B5 /* Products */ = {
			isa = PBXGroup;
			children = (
				50B7A79228D290E1003924B5 /* TCCApp.app */,
			);
			name = Products;
			sourceTree = "<group>";
		};
		50B7A79428D290E1003924B5 /* TCCApp */ = {
			isa = PBXGroup;
			children = (
				5082BC23292DD84800ADB865 /* Models */,
				5082BC1A292DA22500ADB865 /* Components */,
				5082BBFC292CE36900ADB865 /* Views */,
				5082BBFB292CE35C00ADB865 /* Utils */,
				50B7A79528D290E1003924B5 /* TCCAppApp.swift */,
				50B7A79928D290E4003924B5 /* Assets.xcassets */,
				50B7A79E28D290E4003924B5 /* TCCApp.entitlements */,
				50B7A79B28D290E4003924B5 /* Preview Content */,
			);
			path = TCCApp;
			sourceTree = "<group>";
		};
		50B7A79B28D290E4003924B5 /* Preview Content */ = {
			isa = PBXGroup;
			children = (
				50B7A79C28D290E4003924B5 /* Preview Assets.xcassets */,
			);
			path = "Preview Content";
			sourceTree = "<group>";
		};
/* End PBXGroup section */

/* Begin PBXNativeTarget section */
		50B7A79128D290E1003924B5 /* TCCApp */ = {
			isa = PBXNativeTarget;
			buildConfigurationList = 50B7A7A128D290E4003924B5 /* Build configuration list for PBXNativeTarget "TCCApp" */;
			buildPhases = (
				50B7A78E28D290E1003924B5 /* Sources */,
				50B7A78F28D290E1003924B5 /* Frameworks */,
				50B7A79028D290E1003924B5 /* Resources */,
			);
			buildRules = (
			);
			dependencies = (
			);
			name = TCCApp;
			productName = TCCApp;
			productReference = 50B7A79228D290E1003924B5 /* TCCApp.app */;
			productType = "com.apple.product-type.application";
		};
/* End PBXNativeTarget section */

/* Begin PBXProject section */
		50B7A78A28D290E1003924B5 /* Project object */ = {
			isa = PBXProject;
			attributes = {
				BuildIndependentTargetsInParallel = 1;
				LastSwiftUpdateCheck = 1400;
				LastUpgradeCheck = 1400;
				TargetAttributes = {
					50B7A79128D290E1003924B5 = {
						CreatedOnToolsVersion = 14.0;
					};
				};
			};
			buildConfigurationList = 50B7A78D28D290E1003924B5 /* Build configuration list for PBXProject "TCCApp" */;
			compatibilityVersion = "Xcode 14.0";
			developmentRegion = en;
			hasScannedForEncodings = 0;
			knownRegions = (
				en,
				Base,
			);
			mainGroup = 50B7A78928D290E1003924B5;
			productRefGroup = 50B7A79328D290E1003924B5 /* Products */;
			projectDirPath = "";
			projectRoot = "";
			targets = (
				50B7A79128D290E1003924B5 /* TCCApp */,
			);
		};
/* End PBXProject section */

/* Begin PBXResourcesBuildPhase section */
		50B7A79028D290E1003924B5 /* Resources */ = {
			isa = PBXResourcesBuildPhase;
			buildActionMask = 2147483647;
			files = (
				50B7A79D28D290E4003924B5 /* Preview Assets.xcassets in Resources */,
				50B7A79A28D290E4003924B5 /* Assets.xcassets in Resources */,
			);
			runOnlyForDeploymentPostprocessing = 0;
		};
/* End PBXResourcesBuildPhase section */

/* Begin PBXSourcesBuildPhase section */
		50B7A78E28D290E1003924B5 /* Sources */ = {
			isa = PBXSourcesBuildPhase;
			buildActionMask = 2147483647;
			files = (
				5082BC09292CF41700ADB865 /* Color+Token.swift in Sources */,
				4E68ECA8292EBF0B004B64D5 /* TeamSectionView+Builders.swift in Sources */,
				507CD70A2937F04500A9661B /* RectCorner.swift in Sources */,
				5082C075292E6F4200ADB865 /* Filter.swift in Sources */,
				5082BC07292CF3DF00ADB865 /* CGFloat+Metrics.swift in Sources */,
				4E68ECA6292EBEC1004B64D5 /* User.swift in Sources */,
				507CD714293812CE00A9661B /* Message.swift in Sources */,
				5082C079292E6FB200ADB865 /* Talk.swift in Sources */,
				5082BC03292CF39200ADB865 /* ContentSectionButton.swift in Sources */,
				5082BC01292CF35700ADB865 /* ContentSideBar.swift in Sources */,
				50B7A79828D290E1003924B5 /* ContentView.swift in Sources */,
				5082BC22292DD80500ADB865 /* OwnSectionView+Builders.swift in Sources */,
				507CD7072937D68B00A9661B /* Date+MonthName.swift in Sources */,
				5082BBFF292CE3F600ADB865 /* DesignTokens.swift in Sources */,
				5082BC2B292DD8C300ADB865 /* DefaultButton.swift in Sources */,
				507CD70C2937F06800A9661B /* View+CornerRadius.swift in Sources */,
				50B7A79628D290E1003924B5 /* TCCAppApp.swift in Sources */,
				5082BC15292DA16300ADB865 /* TeamSectionView.swift in Sources */,
				5082BC19292DA1F000ADB865 /* TalksSectionView.swift in Sources */,
				507CD712293812B000A9661B /* MessageMedia.swift in Sources */,
				5082BC20292DA27500ADB865 /* ContentView+Builders.swift in Sources */,
				5082C07D292E700900ADB865 /* TalksSectionViewModel.swift in Sources */,
				5082C077292E6F6400ADB865 /* FilterButton.swift in Sources */,
				507CD7102937F20400A9661B /* TalksSectionView+Builders.swift in Sources */,
				5082BC2F292DDA3300ADB865 /* DeadlineCard+Builders.swift in Sources */,
				5082BC17292DA1E500ADB865 /* OwnSectionView.swift in Sources */,
				5082BC1E292DA25400ADB865 /* UserButton.swift in Sources */,
				5082C07B292E6FDA00ADB865 /* TalksCard.swift in Sources */,
				5082BC29292DD8A600ADB865 /* DeadlineCard.swift in Sources */,
				5082BC25292DD85B00ADB865 /* Deadline.swift in Sources */,
				5082BC1C292DA23A00ADB865 /* DefaultSectionView.swift in Sources */,
				507CD70E2937F09100A9661B /* View+Border.swift in Sources */,
				5082BC2D292DDA1700ADB865 /* DeadlineCardUtils.swift in Sources */,
			);
			runOnlyForDeploymentPostprocessing = 0;
		};
/* End PBXSourcesBuildPhase section */

/* Begin XCBuildConfiguration section */
		50B7A79F28D290E4003924B5 /* Debug */ = {
			isa = XCBuildConfiguration;
			buildSettings = {
				ALWAYS_SEARCH_USER_PATHS = NO;
				CLANG_ANALYZER_NONNULL = YES;
				CLANG_ANALYZER_NUMBER_OBJECT_CONVERSION = YES_AGGRESSIVE;
				CLANG_CXX_LANGUAGE_STANDARD = "gnu++20";
				CLANG_ENABLE_MODULES = YES;
				CLANG_ENABLE_OBJC_ARC = YES;
				CLANG_ENABLE_OBJC_WEAK = YES;
				CLANG_WARN_BLOCK_CAPTURE_AUTORELEASING = YES;
				CLANG_WARN_BOOL_CONVERSION = YES;
				CLANG_WARN_COMMA = YES;
				CLANG_WARN_CONSTANT_CONVERSION = YES;
				CLANG_WARN_DEPRECATED_OBJC_IMPLEMENTATIONS = YES;
				CLANG_WARN_DIRECT_OBJC_ISA_USAGE = YES_ERROR;
				CLANG_WARN_DOCUMENTATION_COMMENTS = YES;
				CLANG_WARN_EMPTY_BODY = YES;
				CLANG_WARN_ENUM_CONVERSION = YES;
				CLANG_WARN_INFINITE_RECURSION = YES;
				CLANG_WARN_INT_CONVERSION = YES;
				CLANG_WARN_NON_LITERAL_NULL_CONVERSION = YES;
				CLANG_WARN_OBJC_IMPLICIT_RETAIN_SELF = YES;
				CLANG_WARN_OBJC_LITERAL_CONVERSION = YES;
				CLANG_WARN_OBJC_ROOT_CLASS = YES_ERROR;
				CLANG_WARN_QUOTED_INCLUDE_IN_FRAMEWORK_HEADER = YES;
				CLANG_WARN_RANGE_LOOP_ANALYSIS = YES;
				CLANG_WARN_STRICT_PROTOTYPES = YES;
				CLANG_WARN_SUSPICIOUS_MOVE = YES;
				CLANG_WARN_UNGUARDED_AVAILABILITY = YES_AGGRESSIVE;
				CLANG_WARN_UNREACHABLE_CODE = YES;
				CLANG_WARN__DUPLICATE_METHOD_MATCH = YES;
				COPY_PHASE_STRIP = NO;
				DEBUG_INFORMATION_FORMAT = dwarf;
				ENABLE_STRICT_OBJC_MSGSEND = YES;
				ENABLE_TESTABILITY = YES;
				GCC_C_LANGUAGE_STANDARD = gnu11;
				GCC_DYNAMIC_NO_PIC = NO;
				GCC_NO_COMMON_BLOCKS = YES;
				GCC_OPTIMIZATION_LEVEL = 0;
				GCC_PREPROCESSOR_DEFINITIONS = (
					"DEBUG=1",
					"$(inherited)",
				);
				GCC_WARN_64_TO_32_BIT_CONVERSION = YES;
				GCC_WARN_ABOUT_RETURN_TYPE = YES_ERROR;
				GCC_WARN_UNDECLARED_SELECTOR = YES;
				GCC_WARN_UNINITIALIZED_AUTOS = YES_AGGRESSIVE;
				GCC_WARN_UNUSED_FUNCTION = YES;
				GCC_WARN_UNUSED_VARIABLE = YES;
				MACOSX_DEPLOYMENT_TARGET = 12.3;
				MTL_ENABLE_DEBUG_INFO = INCLUDE_SOURCE;
				MTL_FAST_MATH = YES;
				ONLY_ACTIVE_ARCH = YES;
				SDKROOT = macosx;
				SWIFT_ACTIVE_COMPILATION_CONDITIONS = DEBUG;
				SWIFT_OPTIMIZATION_LEVEL = "-Onone";
			};
			name = Debug;
		};
		50B7A7A028D290E4003924B5 /* Release */ = {
			isa = XCBuildConfiguration;
			buildSettings = {
				ALWAYS_SEARCH_USER_PATHS = NO;
				CLANG_ANALYZER_NONNULL = YES;
				CLANG_ANALYZER_NUMBER_OBJECT_CONVERSION = YES_AGGRESSIVE;
				CLANG_CXX_LANGUAGE_STANDARD = "gnu++20";
				CLANG_ENABLE_MODULES = YES;
				CLANG_ENABLE_OBJC_ARC = YES;
				CLANG_ENABLE_OBJC_WEAK = YES;
				CLANG_WARN_BLOCK_CAPTURE_AUTORELEASING = YES;
				CLANG_WARN_BOOL_CONVERSION = YES;
				CLANG_WARN_COMMA = YES;
				CLANG_WARN_CONSTANT_CONVERSION = YES;
				CLANG_WARN_DEPRECATED_OBJC_IMPLEMENTATIONS = YES;
				CLANG_WARN_DIRECT_OBJC_ISA_USAGE = YES_ERROR;
				CLANG_WARN_DOCUMENTATION_COMMENTS = YES;
				CLANG_WARN_EMPTY_BODY = YES;
				CLANG_WARN_ENUM_CONVERSION = YES;
				CLANG_WARN_INFINITE_RECURSION = YES;
				CLANG_WARN_INT_CONVERSION = YES;
				CLANG_WARN_NON_LITERAL_NULL_CONVERSION = YES;
				CLANG_WARN_OBJC_IMPLICIT_RETAIN_SELF = YES;
				CLANG_WARN_OBJC_LITERAL_CONVERSION = YES;
				CLANG_WARN_OBJC_ROOT_CLASS = YES_ERROR;
				CLANG_WARN_QUOTED_INCLUDE_IN_FRAMEWORK_HEADER = YES;
				CLANG_WARN_RANGE_LOOP_ANALYSIS = YES;
				CLANG_WARN_STRICT_PROTOTYPES = YES;
				CLANG_WARN_SUSPICIOUS_MOVE = YES;
				CLANG_WARN_UNGUARDED_AVAILABILITY = YES_AGGRESSIVE;
				CLANG_WARN_UNREACHABLE_CODE = YES;
				CLANG_WARN__DUPLICATE_METHOD_MATCH = YES;
				COPY_PHASE_STRIP = NO;
				DEBUG_INFORMATION_FORMAT = "dwarf-with-dsym";
				ENABLE_NS_ASSERTIONS = NO;
				ENABLE_STRICT_OBJC_MSGSEND = YES;
				GCC_C_LANGUAGE_STANDARD = gnu11;
				GCC_NO_COMMON_BLOCKS = YES;
				GCC_WARN_64_TO_32_BIT_CONVERSION = YES;
				GCC_WARN_ABOUT_RETURN_TYPE = YES_ERROR;
				GCC_WARN_UNDECLARED_SELECTOR = YES;
				GCC_WARN_UNINITIALIZED_AUTOS = YES_AGGRESSIVE;
				GCC_WARN_UNUSED_FUNCTION = YES;
				GCC_WARN_UNUSED_VARIABLE = YES;
				MACOSX_DEPLOYMENT_TARGET = 12.3;
				MTL_ENABLE_DEBUG_INFO = NO;
				MTL_FAST_MATH = YES;
				SDKROOT = macosx;
				SWIFT_COMPILATION_MODE = wholemodule;
				SWIFT_OPTIMIZATION_LEVEL = "-O";
			};
			name = Release;
		};
		50B7A7A228D290E4003924B5 /* Debug */ = {
			isa = XCBuildConfiguration;
			buildSettings = {
				ASSETCATALOG_COMPILER_APPICON_NAME = AppIcon;
				ASSETCATALOG_COMPILER_GLOBAL_ACCENT_COLOR_NAME = AccentColor;
				CODE_SIGN_ENTITLEMENTS = TCCApp/TCCApp.entitlements;
				"CODE_SIGN_IDENTITY[sdk=macosx*]" = "-";
				CODE_SIGN_STYLE = Automatic;
				COMBINE_HIDPI_IMAGES = YES;
				CURRENT_PROJECT_VERSION = 1;
				DEVELOPMENT_ASSET_PATHS = "\"TCCApp/Preview Content\"";
				DEVELOPMENT_TEAM = "";
				ENABLE_PREVIEWS = YES;
				GENERATE_INFOPLIST_FILE = YES;
				INFOPLIST_KEY_LSApplicationCategoryType = "public.app-category.productivity";
				INFOPLIST_KEY_NSHumanReadableCopyright = "";
				LD_RUNPATH_SEARCH_PATHS = (
					"$(inherited)",
					"@executable_path/../Frameworks",
				);
				MARKETING_VERSION = 1.0;
				PRODUCT_BUNDLE_IDENTIFIER = br.com.app.test.TCCApp;
				PRODUCT_NAME = "$(TARGET_NAME)";
				SWIFT_EMIT_LOC_STRINGS = YES;
				SWIFT_VERSION = 5.0;
			};
			name = Debug;
		};
		50B7A7A328D290E4003924B5 /* Release */ = {
			isa = XCBuildConfiguration;
			buildSettings = {
				ASSETCATALOG_COMPILER_APPICON_NAME = AppIcon;
				ASSETCATALOG_COMPILER_GLOBAL_ACCENT_COLOR_NAME = AccentColor;
				CODE_SIGN_ENTITLEMENTS = TCCApp/TCCApp.entitlements;
				"CODE_SIGN_IDENTITY[sdk=macosx*]" = "-";
				CODE_SIGN_STYLE = Automatic;
				COMBINE_HIDPI_IMAGES = YES;
				CURRENT_PROJECT_VERSION = 1;
				DEVELOPMENT_ASSET_PATHS = "\"TCCApp/Preview Content\"";
				DEVELOPMENT_TEAM = "";
				ENABLE_PREVIEWS = YES;
				GENERATE_INFOPLIST_FILE = YES;
				INFOPLIST_KEY_LSApplicationCategoryType = "public.app-category.productivity";
				INFOPLIST_KEY_NSHumanReadableCopyright = "";
				LD_RUNPATH_SEARCH_PATHS = (
					"$(inherited)",
					"@executable_path/../Frameworks",
				);
				MARKETING_VERSION = 1.0;
				PRODUCT_BUNDLE_IDENTIFIER = br.com.app.test.TCCApp;
				PRODUCT_NAME = "$(TARGET_NAME)";
				SWIFT_EMIT_LOC_STRINGS = YES;
				SWIFT_VERSION = 5.0;
			};
			name = Release;
		};
/* End XCBuildConfiguration section */

/* Begin XCConfigurationList section */
		50B7A78D28D290E1003924B5 /* Build configuration list for PBXProject "TCCApp" */ = {
			isa = XCConfigurationList;
			buildConfigurations = (
				50B7A79F28D290E4003924B5 /* Debug */,
				50B7A7A028D290E4003924B5 /* Release */,
			);
			defaultConfigurationIsVisible = 0;
			defaultConfigurationName = Release;
		};
		50B7A7A128D290E4003924B5 /* Build configuration list for PBXNativeTarget "TCCApp" */ = {
			isa = XCConfigurationList;
			buildConfigurations = (
				50B7A7A228D290E4003924B5 /* Debug */,
				50B7A7A328D290E4003924B5 /* Release */,
			);
			defaultConfigurationIsVisible = 0;
			defaultConfigurationName = Release;
		};
/* End XCConfigurationList section */
	};
	rootObject = 50B7A78A28D290E1003924B5 /* Project object */;
}
